# This file is automatically @generated by Cargo.
# It is not intended for manual editing.
version = 3

[[package]]
name = "authentication"
version = "0.1.0"

[[package]]
name = "functions"
version = "0.1.0"

[[package]]
name = "hello_word"
version = "0.1.0"

[[package]]
name = "login"
version = "0.1.0"
dependencies = [
 "authentication",
]

[[package]]
name = "ultimate_rust"
version = "0.1.0"

[[package]]
name = "variables"
version = "0.1.0"
